{
  "requires": true,
  "lockfileVersion": 1,
  "dependencies": {
    "@sweetalert2/themes": {
      "version": "5.0.4",
      "resolved": "https://registry.npmjs.org/@sweetalert2/themes/-/themes-5.0.4.tgz",
      "integrity": "sha512-r8Wq4+NDZIC3MEF6WFykt97QgGBwwzA14Hye0JuN4eILesplYcfbBa05/Q/Gs8g96EXfQQ6WLN7p+mle7kFGZA=="
    },
    "sweetalert2": {
      "version": "11.1.5",
      "resolved": "https://registry.npmjs.org/sweetalert2/-/sweetalert2-11.1.5.tgz",
      "integrity": "sha512-5cfqUK9lLbvxtjzsvORKWj+d3tcgYlzsL60FoJFXE/+mtMa5EJ3tDax9p9MBjVnZ60gQd+WGrqDIrxoNenhUjA=="
    }
  }
}
